
Microsoft Visual Studio Solution File, Format Version 12.00
# Visual Studio Version 17
VisualStudioVersion = 17.4.33213.308
MinimumVisualStudioVersion = 10.0.40219.1
Project("{FAE04EC0-301F-11D3-BF4B-00C04F79EFBC}") = "CatpuccinoBlue", "CatpuccinoBlue\CatpuccinoBlue.csproj", "{57C4D6C3-604A-4653-9051-8BC8C3A2409F}"
EndProject
Global
	GlobalSection(SolutionConfigurationPlatforms) = preSolution
		Debug|Any CPU = Debug|Any CPU
		Debug|arm64 = Debug|arm64
		Debug|x86 = Debug|x86
		Release|Any CPU = Release|Any CPU
		Release|arm64 = Release|arm64
		Release|x86 = Release|x86
	EndGlobalSection
	GlobalSection(ProjectConfigurationPlatforms) = postSolution
		{57C4D6C3-604A-4653-9051-8BC8C3A2409F}.Debug|Any CPU.ActiveCfg = Debug|Any CPU
		{57C4D6C3-604A-4653-9051-8BC8C3A2409F}.Debug|Any CPU.Build.0 = Debug|Any CPU
		{57C4D6C3-604A-4653-9051-8BC8C3A2409F}.Debug|arm64.ActiveCfg = Debug|arm64
		{57C4D6C3-604A-4653-9051-8BC8C3A2409F}.Debug|arm64.Build.0 = Debug|arm64
		{57C4D6C3-604A-4653-9051-8BC8C3A2409F}.Debug|x86.ActiveCfg = Debug|x86
		{57C4D6C3-604A-4653-9051-8BC8C3A2409F}.Debug|x86.Build.0 = Debug|x86
		{57C4D6C3-604A-4653-9051-8BC8C3A2409F}.Release|Any CPU.ActiveCfg = Release|Any CPU
		{57C4D6C3-604A-4653-9051-8BC8C3A2409F}.Release|Any CPU.Build.0 = Release|Any CPU
		{57C4D6C3-604A-4653-9051-8BC8C3A2409F}.Release|arm64.ActiveCfg = Release|arm64
		{57C4D6C3-604A-4653-9051-8BC8C3A2409F}.Release|arm64.Build.0 = Release|arm64
		{57C4D6C3-604A-4653-9051-8BC8C3A2409F}.Release|x86.ActiveCfg = Release|x86
		{57C4D6C3-604A-4653-9051-8BC8C3A2409F}.Release|x86.Build.0 = Release|x86
	EndGlobalSection
	GlobalSection(SolutionProperties) = preSolution
		HideSolutionNode = FALSE
	EndGlobalSection
	GlobalSection(ExtensibilityGlobals) = postSolution
		SolutionGuid = {2561CE83-4F4B-4559-9FD7-A6A48C88C44A}
	EndGlobalSection
EndGlobal
